
Microsoft Visual Studio Solution File, Format Version 12.00
# Visual Studio 14
VisualStudioVersion = 14.0.25123.0
MinimumVisualStudioVersion = 10.0.40219.1
Project("{FAE04EC0-301F-11D3-BF4B-00C04F79EFBC}") = "SCPB01-Soway.Data", "SCPB01-Soway.Data\SCPB01-Soway.Data.csproj", "{6AB018A9-5BDB-48B1-819E-D633378266AC}"
EndProject
Project("{FAE04EC0-301F-11D3-BF4B-00C04F79EFBC}") = "SCPB02-Soway.DB", "SCPB02-Soway.DB\SCPB02-Soway.DB.csproj", "{DDCC77BA-5351-45CA-A73D-080FE3252577}"
EndProject
Project("{FAE04EC0-301F-11D3-BF4B-00C04F79EFBC}") = "SCPB03 -Soway.DB.Manage", "SCPB03 -Soway.DB.Manage\SCPB03 -Soway.DB.Manage.csproj", "{93B9600C-B146-43E1-8216-705D2FF3A289}"
EndProject
Project("{FAE04EC0-301F-11D3-BF4B-00C04F79EFBC}") = "SCPB05-Soway.Model", "SCPB05-Soway.Model\SCPB05-Soway.Model.csproj", "{C9642CDC-0F65-484E-8174-9D950498AF87}"
EndProject
Project("{FAE04EC0-301F-11D3-BF4B-00C04F79EFBC}") = "SWDQ01-Soway.Query", "SWDQ01-Soway.Query\SWDQ01-Soway.Query.csproj", "{5F31918A-63DC-4231-86D1-CE733E1E6407}"
EndProject
Project("{FAE04EC0-301F-11D3-BF4B-00C04F79EFBC}") = "SWUA01-SOWAY.ORM.AUTH", "SWUA01-SOWAY.ORM.AUTH\SWUA01-SOWAY.ORM.AUTH.csproj", "{11220DAE-9380-4559-95B6-9370E6B97C15}"
EndProject
Project("{FAE04EC0-301F-11D3-BF4B-00C04F79EFBC}") = "SCPB07-Soway.AppManage", "SCPB07-Soway.AppManage\SCPB07-Soway.AppManage.csproj", "{680777D6-7F90-45BE-8E3D-2DA3C947240C}"
EndProject
Project("{FAE04EC0-301F-11D3-BF4B-00C04F79EFBC}") = "SCPB08-Soway.AppManage", "SCPB08-Soway.AppManage\SCPB08-Soway.AppManage.csproj", "{0A81CE6F-018D-418A-A6DE-427927C3F024}"
EndProject
Project("{FAE04EC0-301F-11D3-BF4B-00C04F79EFBC}") = "SWUA02-SOWAY.ORM.AUTH", "SWUA02-SOWAY.ORM.AUTH\SWUA02-SOWAY.ORM.AUTH.csproj", "{5265421A-67BF-450B-984B-0BECBE6F1DBF}"
EndProject
Project("{FAE04EC0-301F-11D3-BF4B-00C04F79EFBC}") = "SCPB09-SOWAY.EVENT", "SCPB09-SOWAY.EVENT\SCPB09-SOWAY.EVENT.csproj", "{A9904673-4FFE-4248-88F4-2296648E07CE}"
EndProject
Project("{FAE04EC0-301F-11D3-BF4B-00C04F79EFBC}") = "Soway.Server", "Soway.Server\Soway.Server.csproj", "{A618A5B5-5F18-4503-9A2D-42B8CF847C86}"
EndProject
Project("{FAE04EC0-301F-11D3-BF4B-00C04F79EFBC}") = "SWRPT01-Soway.Report", "SWRPT01-Soway.Report\SWRPT01-Soway.Report.csproj", "{47E97F67-8721-4A2C-B6DD-95008F2BE863}"
EndProject
Project("{FAE04EC0-301F-11D3-BF4B-00C04F79EFBC}") = "SCPB07.TESTS", "SCPB07.TESTS\SCPB07.TESTS.csproj", "{83C983D5-AFF0-4C31-AC48-E533A2130B0B}"
EndProject
Project("{FAE04EC0-301F-11D3-BF4B-00C04F79EFBC}") = "DBInstall", "DBInstall\DBInstall.csproj", "{4B89715C-1C22-466E-8A27-57CDE8ABA6F1}"
EndProject
Project("{FAE04EC0-301F-11D3-BF4B-00C04F79EFBC}") = "ConsoleApplication1", "ConsoleApplication1\ConsoleApplication1.csproj", "{65BAE518-4486-40FB-BCA9-7921ED5192C5}"
EndProject
Global
	GlobalSection(SolutionConfigurationPlatforms) = preSolution
		Debug|Any CPU = Debug|Any CPU
		Release|Any CPU = Release|Any CPU
		trace|Any CPU = trace|Any CPU
	EndGlobalSection
	GlobalSection(ProjectConfigurationPlatforms) = postSolution
		{6AB018A9-5BDB-48B1-819E-D633378266AC}.Debug|Any CPU.ActiveCfg = Debug|Any CPU
		{6AB018A9-5BDB-48B1-819E-D633378266AC}.Debug|Any CPU.Build.0 = Debug|Any CPU
		{6AB018A9-5BDB-48B1-819E-D633378266AC}.Release|Any CPU.ActiveCfg = Release|Any CPU
		{6AB018A9-5BDB-48B1-819E-D633378266AC}.Release|Any CPU.Build.0 = Release|Any CPU
		{6AB018A9-5BDB-48B1-819E-D633378266AC}.trace|Any CPU.ActiveCfg = Release|Any CPU
		{6AB018A9-5BDB-48B1-819E-D633378266AC}.trace|Any CPU.Build.0 = Release|Any CPU
		{DDCC77BA-5351-45CA-A73D-080FE3252577}.Debug|Any CPU.ActiveCfg = Debug|Any CPU
		{DDCC77BA-5351-45CA-A73D-080FE3252577}.Debug|Any CPU.Build.0 = Debug|Any CPU
		{DDCC77BA-5351-45CA-A73D-080FE3252577}.Release|Any CPU.ActiveCfg = Release|Any CPU
		{DDCC77BA-5351-45CA-A73D-080FE3252577}.Release|Any CPU.Build.0 = Release|Any CPU
		{DDCC77BA-5351-45CA-A73D-080FE3252577}.trace|Any CPU.ActiveCfg = Release|Any CPU
		{DDCC77BA-5351-45CA-A73D-080FE3252577}.trace|Any CPU.Build.0 = Release|Any CPU
		{93B9600C-B146-43E1-8216-705D2FF3A289}.Debug|Any CPU.ActiveCfg = Debug|Any CPU
		{93B9600C-B146-43E1-8216-705D2FF3A289}.Debug|Any CPU.Build.0 = Debug|Any CPU
		{93B9600C-B146-43E1-8216-705D2FF3A289}.Release|Any CPU.ActiveCfg = Release|Any CPU
		{93B9600C-B146-43E1-8216-705D2FF3A289}.Release|Any CPU.Build.0 = Release|Any CPU
		{93B9600C-B146-43E1-8216-705D2FF3A289}.trace|Any CPU.ActiveCfg = trace|Any CPU
		{93B9600C-B146-43E1-8216-705D2FF3A289}.trace|Any CPU.Build.0 = trace|Any CPU
		{C9642CDC-0F65-484E-8174-9D950498AF87}.Debug|Any CPU.ActiveCfg = Debug|Any CPU
		{C9642CDC-0F65-484E-8174-9D950498AF87}.Debug|Any CPU.Build.0 = Debug|Any CPU
		{C9642CDC-0F65-484E-8174-9D950498AF87}.Release|Any CPU.ActiveCfg = Release|Any CPU
		{C9642CDC-0F65-484E-8174-9D950498AF87}.Release|Any CPU.Build.0 = Release|Any CPU
		{C9642CDC-0F65-484E-8174-9D950498AF87}.trace|Any CPU.ActiveCfg = trace|Any CPU
		{C9642CDC-0F65-484E-8174-9D950498AF87}.trace|Any CPU.Build.0 = trace|Any CPU
		{5F31918A-63DC-4231-86D1-CE733E1E6407}.Debug|Any CPU.ActiveCfg = Debug|Any CPU
		{5F31918A-63DC-4231-86D1-CE733E1E6407}.Debug|Any CPU.Build.0 = Debug|Any CPU
		{5F31918A-63DC-4231-86D1-CE733E1E6407}.Release|Any CPU.ActiveCfg = Release|Any CPU
		{5F31918A-63DC-4231-86D1-CE733E1E6407}.Release|Any CPU.Build.0 = Release|Any CPU
		{5F31918A-63DC-4231-86D1-CE733E1E6407}.trace|Any CPU.ActiveCfg = trace|Any CPU
		{5F31918A-63DC-4231-86D1-CE733E1E6407}.trace|Any CPU.Build.0 = trace|Any CPU
		{11220DAE-9380-4559-95B6-9370E6B97C15}.Debug|Any CPU.ActiveCfg = Debug|Any CPU
		{11220DAE-9380-4559-95B6-9370E6B97C15}.Debug|Any CPU.Build.0 = Debug|Any CPU
		{11220DAE-9380-4559-95B6-9370E6B97C15}.Release|Any CPU.ActiveCfg = Release|Any CPU
		{11220DAE-9380-4559-95B6-9370E6B97C15}.Release|Any CPU.Build.0 = Release|Any CPU
		{11220DAE-9380-4559-95B6-9370E6B97C15}.trace|Any CPU.ActiveCfg = Release|Any CPU
		{11220DAE-9380-4559-95B6-9370E6B97C15}.trace|Any CPU.Build.0 = Release|Any CPU
		{680777D6-7F90-45BE-8E3D-2DA3C947240C}.Debug|Any CPU.ActiveCfg = Debug|Any CPU
		{680777D6-7F90-45BE-8E3D-2DA3C947240C}.Debug|Any CPU.Build.0 = Debug|Any CPU
		{680777D6-7F90-45BE-8E3D-2DA3C947240C}.Release|Any CPU.ActiveCfg = Release|Any CPU
		{680777D6-7F90-45BE-8E3D-2DA3C947240C}.Release|Any CPU.Build.0 = Release|Any CPU
		{680777D6-7F90-45BE-8E3D-2DA3C947240C}.trace|Any CPU.ActiveCfg = Release|Any CPU
		{680777D6-7F90-45BE-8E3D-2DA3C947240C}.trace|Any CPU.Build.0 = Release|Any CPU
		{0A81CE6F-018D-418A-A6DE-427927C3F024}.Debug|Any CPU.ActiveCfg = Debug|Any CPU
		{0A81CE6F-018D-418A-A6DE-427927C3F024}.Debug|Any CPU.Build.0 = Debug|Any CPU
		{0A81CE6F-018D-418A-A6DE-427927C3F024}.Release|Any CPU.ActiveCfg = Release|Any CPU
		{0A81CE6F-018D-418A-A6DE-427927C3F024}.Release|Any CPU.Build.0 = Release|Any CPU
		{0A81CE6F-018D-418A-A6DE-427927C3F024}.trace|Any CPU.ActiveCfg = Release|Any CPU
		{0A81CE6F-018D-418A-A6DE-427927C3F024}.trace|Any CPU.Build.0 = Release|Any CPU
		{5265421A-67BF-450B-984B-0BECBE6F1DBF}.Debug|Any CPU.ActiveCfg = Debug|Any CPU
		{5265421A-67BF-450B-984B-0BECBE6F1DBF}.Debug|Any CPU.Build.0 = Debug|Any CPU
		{5265421A-67BF-450B-984B-0BECBE6F1DBF}.Release|Any CPU.ActiveCfg = Release|Any CPU
		{5265421A-67BF-450B-984B-0BECBE6F1DBF}.Release|Any CPU.Build.0 = Release|Any CPU
		{5265421A-67BF-450B-984B-0BECBE6F1DBF}.trace|Any CPU.ActiveCfg = Release|Any CPU
		{5265421A-67BF-450B-984B-0BECBE6F1DBF}.trace|Any CPU.Build.0 = Release|Any CPU
		{A9904673-4FFE-4248-88F4-2296648E07CE}.Debug|Any CPU.ActiveCfg = Debug|Any CPU
		{A9904673-4FFE-4248-88F4-2296648E07CE}.Debug|Any CPU.Build.0 = Debug|Any CPU
		{A9904673-4FFE-4248-88F4-2296648E07CE}.Release|Any CPU.ActiveCfg = Release|Any CPU
		{A9904673-4FFE-4248-88F4-2296648E07CE}.Release|Any CPU.Build.0 = Release|Any CPU
		{A9904673-4FFE-4248-88F4-2296648E07CE}.trace|Any CPU.ActiveCfg = Release|Any CPU
		{A9904673-4FFE-4248-88F4-2296648E07CE}.trace|Any CPU.Build.0 = Release|Any CPU
		{A618A5B5-5F18-4503-9A2D-42B8CF847C86}.Debug|Any CPU.ActiveCfg = Debug|Any CPU
		{A618A5B5-5F18-4503-9A2D-42B8CF847C86}.Debug|Any CPU.Build.0 = Debug|Any CPU
		{A618A5B5-5F18-4503-9A2D-42B8CF847C86}.Release|Any CPU.ActiveCfg = Release|Any CPU
		{A618A5B5-5F18-4503-9A2D-42B8CF847C86}.Release|Any CPU.Build.0 = Release|Any CPU
		{A618A5B5-5F18-4503-9A2D-42B8CF847C86}.trace|Any CPU.ActiveCfg = Release|Any CPU
		{A618A5B5-5F18-4503-9A2D-42B8CF847C86}.trace|Any CPU.Build.0 = Release|Any CPU
		{47E97F67-8721-4A2C-B6DD-95008F2BE863}.Debug|Any CPU.ActiveCfg = Debug|Any CPU
		{47E97F67-8721-4A2C-B6DD-95008F2BE863}.Debug|Any CPU.Build.0 = Debug|Any CPU
		{47E97F67-8721-4A2C-B6DD-95008F2BE863}.Release|Any CPU.ActiveCfg = Release|Any CPU
		{47E97F67-8721-4A2C-B6DD-95008F2BE863}.Release|Any CPU.Build.0 = Release|Any CPU
		{47E97F67-8721-4A2C-B6DD-95008F2BE863}.trace|Any CPU.ActiveCfg = Release|Any CPU
		{47E97F67-8721-4A2C-B6DD-95008F2BE863}.trace|Any CPU.Build.0 = Release|Any CPU
		{83C983D5-AFF0-4C31-AC48-E533A2130B0B}.Debug|Any CPU.ActiveCfg = Debug|Any CPU
		{83C983D5-AFF0-4C31-AC48-E533A2130B0B}.Debug|Any CPU.Build.0 = Debug|Any CPU
		{83C983D5-AFF0-4C31-AC48-E533A2130B0B}.Release|Any CPU.ActiveCfg = Release|Any CPU
		{83C983D5-AFF0-4C31-AC48-E533A2130B0B}.Release|Any CPU.Build.0 = Release|Any CPU
		{83C983D5-AFF0-4C31-AC48-E533A2130B0B}.trace|Any CPU.ActiveCfg = Release|Any CPU
		{83C983D5-AFF0-4C31-AC48-E533A2130B0B}.trace|Any CPU.Build.0 = Release|Any CPU
		{4B89715C-1C22-466E-8A27-57CDE8ABA6F1}.Debug|Any CPU.ActiveCfg = Debug|Any CPU
		{4B89715C-1C22-466E-8A27-57CDE8ABA6F1}.Debug|Any CPU.Build.0 = Debug|Any CPU
		{4B89715C-1C22-466E-8A27-57CDE8ABA6F1}.Release|Any CPU.ActiveCfg = Release|Any CPU
		{4B89715C-1C22-466E-8A27-57CDE8ABA6F1}.Release|Any CPU.Build.0 = Release|Any CPU
		{4B89715C-1C22-466E-8A27-57CDE8ABA6F1}.trace|Any CPU.ActiveCfg = Release|Any CPU
		{4B89715C-1C22-466E-8A27-57CDE8ABA6F1}.trace|Any CPU.Build.0 = Release|Any CPU
		{65BAE518-4486-40FB-BCA9-7921ED5192C5}.Debug|Any CPU.ActiveCfg = Debug|Any CPU
		{65BAE518-4486-40FB-BCA9-7921ED5192C5}.Debug|Any CPU.Build.0 = Debug|Any CPU
		{65BAE518-4486-40FB-BCA9-7921ED5192C5}.Release|Any CPU.ActiveCfg = Release|Any CPU
		{65BAE518-4486-40FB-BCA9-7921ED5192C5}.Release|Any CPU.Build.0 = Release|Any CPU
		{65BAE518-4486-40FB-BCA9-7921ED5192C5}.trace|Any CPU.ActiveCfg = Release|Any CPU
		{65BAE518-4486-40FB-BCA9-7921ED5192C5}.trace|Any CPU.Build.0 = Release|Any CPU
	EndGlobalSection
	GlobalSection(SolutionProperties) = preSolution
		HideSolutionNode = FALSE
	EndGlobalSection
EndGlobal
